
Microsoft Visual Studio Solution File, Format Version 12.00
# Visual Studio Version 16
VisualStudioVersion = 16.0.31005.135
MinimumVisualStudioVersion = 10.0.40219.1
Project("{FAE04EC0-301F-11D3-BF4B-00C04F79EFBC}") = "protobuf2lua", "protobuf2lua\protobuf2lua.csproj", "{B51BCBE1-BF47-4885-99D2-91E08ECCD489}"
EndProject
Global
	GlobalSection(SolutionConfigurationPlatforms) = preSolution
		Debug|Any CPU = Debug|Any CPU
		Release|Any CPU = Release|Any CPU
	EndGlobalSection
	GlobalSection(ProjectConfigurationPlatforms) = postSolution
		{B51BCBE1-BF47-4885-99D2-91E08ECCD489}.Debug|Any CPU.ActiveCfg = Debug|Any CPU
		{B51BCBE1-BF47-4885-99D2-91E08ECCD489}.Debug|Any CPU.Build.0 = Debug|Any CPU
		{B51BCBE1-BF47-4885-99D2-91E08ECCD489}.Release|Any CPU.ActiveCfg = Release|Any CPU
		{B51BCBE1-BF47-4885-99D2-91E08ECCD489}.Release|Any CPU.Build.0 = Release|Any CPU
	EndGlobalSection
	GlobalSection(SolutionProperties) = preSolution
		HideSolutionNode = FALSE
	EndGlobalSection
	GlobalSection(ExtensibilityGlobals) = postSolution
		SolutionGuid = {C592ED2A-F91F-4FF6-8650-7276E543E66F}
	EndGlobalSection
EndGlobal
